
Microsoft Visual Studio Solution File, Format Version 12.00
# Visual Studio Version 17
VisualStudioVersion = 17.12.35527.113
MinimumVisualStudioVersion = 10.0.40219.1
Project("{2150E333-8FDC-42A3-9474-1A3956D46DE8}") = "Bootstrapper", "Bootstrapper", "{03B8299F-0D7C-4A88-9FCE-89F2F084C8B4}"
EndProject
Project("{2150E333-8FDC-42A3-9474-1A3956D46DE8}") = "Modules", "Modules", "{D30A6B1F-A87C-4C3B-80DB-012F9C3B43CC}"
EndProject
Project("{2150E333-8FDC-42A3-9474-1A3956D46DE8}") = "Shared", "Shared", "{6877B23C-476B-4CE3-BA51-83B95F650499}"
EndProject
Project("{FAE04EC0-301F-11D3-BF4B-00C04F79EFBC}") = "Api", "Bootstrapper\Api\Api.csproj", "{1E5A2CBC-D6F5-449D-B556-EAF5F4291924}"
EndProject
Project("{2150E333-8FDC-42A3-9474-1A3956D46DE8}") = "Ordering", "Ordering", "{9D2EB226-9E6E-49F9-B1C5-9E1E1E28EB7A}"
EndProject
Project("{2150E333-8FDC-42A3-9474-1A3956D46DE8}") = "Basket", "Basket", "{ADC32E10-A2AB-45D4-8C88-945A349432A8}"
EndProject
Project("{2150E333-8FDC-42A3-9474-1A3956D46DE8}") = "Catalog", "Catalog", "{91CFC2D4-462E-4B43-B2AD-BDD51B3E70B0}"
EndProject
Project("{FAE04EC0-301F-11D3-BF4B-00C04F79EFBC}") = "Catalog", "Modules\Catalog\ClassLibrary1\Catalog.csproj", "{BD8D5B8F-9DA6-47DF-B097-11D57AE2AF27}"
EndProject
Project("{FAE04EC0-301F-11D3-BF4B-00C04F79EFBC}") = "Basket", "Modules\Basket\Basket\Basket.csproj", "{D1EC2C02-7857-45E4-A316-049959A06153}"
EndProject
Project("{FAE04EC0-301F-11D3-BF4B-00C04F79EFBC}") = "Ordering", "Modules\Ordering\Ordering\Ordering.csproj", "{1BF563E1-47D9-42A3-8720-388BCF0DEB2D}"
EndProject
Project("{FAE04EC0-301F-11D3-BF4B-00C04F79EFBC}") = "Shared", "Shared\Shared\Shared.csproj", "{F96E28D5-0988-4057-BEF0-8B5DF71DCF09}"
EndProject
Global
	GlobalSection(SolutionConfigurationPlatforms) = preSolution
		Debug|Any CPU = Debug|Any CPU
		Release|Any CPU = Release|Any CPU
	EndGlobalSection
	GlobalSection(ProjectConfigurationPlatforms) = postSolution
		{1E5A2CBC-D6F5-449D-B556-EAF5F4291924}.Debug|Any CPU.ActiveCfg = Debug|Any CPU
		{1E5A2CBC-D6F5-449D-B556-EAF5F4291924}.Debug|Any CPU.Build.0 = Debug|Any CPU
		{1E5A2CBC-D6F5-449D-B556-EAF5F4291924}.Release|Any CPU.ActiveCfg = Release|Any CPU
		{1E5A2CBC-D6F5-449D-B556-EAF5F4291924}.Release|Any CPU.Build.0 = Release|Any CPU
		{BD8D5B8F-9DA6-47DF-B097-11D57AE2AF27}.Debug|Any CPU.ActiveCfg = Debug|Any CPU
		{BD8D5B8F-9DA6-47DF-B097-11D57AE2AF27}.Debug|Any CPU.Build.0 = Debug|Any CPU
		{BD8D5B8F-9DA6-47DF-B097-11D57AE2AF27}.Release|Any CPU.ActiveCfg = Release|Any CPU
		{BD8D5B8F-9DA6-47DF-B097-11D57AE2AF27}.Release|Any CPU.Build.0 = Release|Any CPU
		{D1EC2C02-7857-45E4-A316-049959A06153}.Debug|Any CPU.ActiveCfg = Debug|Any CPU
		{D1EC2C02-7857-45E4-A316-049959A06153}.Debug|Any CPU.Build.0 = Debug|Any CPU
		{D1EC2C02-7857-45E4-A316-049959A06153}.Release|Any CPU.ActiveCfg = Release|Any CPU
		{D1EC2C02-7857-45E4-A316-049959A06153}.Release|Any CPU.Build.0 = Release|Any CPU
		{1BF563E1-47D9-42A3-8720-388BCF0DEB2D}.Debug|Any CPU.ActiveCfg = Debug|Any CPU
		{1BF563E1-47D9-42A3-8720-388BCF0DEB2D}.Debug|Any CPU.Build.0 = Debug|Any CPU
		{1BF563E1-47D9-42A3-8720-388BCF0DEB2D}.Release|Any CPU.ActiveCfg = Release|Any CPU
		{1BF563E1-47D9-42A3-8720-388BCF0DEB2D}.Release|Any CPU.Build.0 = Release|Any CPU
		{F96E28D5-0988-4057-BEF0-8B5DF71DCF09}.Debug|Any CPU.ActiveCfg = Debug|Any CPU
		{F96E28D5-0988-4057-BEF0-8B5DF71DCF09}.Debug|Any CPU.Build.0 = Debug|Any CPU
		{F96E28D5-0988-4057-BEF0-8B5DF71DCF09}.Release|Any CPU.ActiveCfg = Release|Any CPU
		{F96E28D5-0988-4057-BEF0-8B5DF71DCF09}.Release|Any CPU.Build.0 = Release|Any CPU
	EndGlobalSection
	GlobalSection(SolutionProperties) = preSolution
		HideSolutionNode = FALSE
	EndGlobalSection
	GlobalSection(NestedProjects) = preSolution
		{1E5A2CBC-D6F5-449D-B556-EAF5F4291924} = {03B8299F-0D7C-4A88-9FCE-89F2F084C8B4}
		{9D2EB226-9E6E-49F9-B1C5-9E1E1E28EB7A} = {D30A6B1F-A87C-4C3B-80DB-012F9C3B43CC}
		{ADC32E10-A2AB-45D4-8C88-945A349432A8} = {D30A6B1F-A87C-4C3B-80DB-012F9C3B43CC}
		{91CFC2D4-462E-4B43-B2AD-BDD51B3E70B0} = {D30A6B1F-A87C-4C3B-80DB-012F9C3B43CC}
		{BD8D5B8F-9DA6-47DF-B097-11D57AE2AF27} = {91CFC2D4-462E-4B43-B2AD-BDD51B3E70B0}
		{D1EC2C02-7857-45E4-A316-049959A06153} = {ADC32E10-A2AB-45D4-8C88-945A349432A8}
		{1BF563E1-47D9-42A3-8720-388BCF0DEB2D} = {9D2EB226-9E6E-49F9-B1C5-9E1E1E28EB7A}
		{F96E28D5-0988-4057-BEF0-8B5DF71DCF09} = {6877B23C-476B-4CE3-BA51-83B95F650499}
	EndGlobalSection
EndGlobal
